
Microsoft Visual Studio Solution File, Format Version 12.00
Project("{FAE04EC0-301F-11D3-BF4B-00C04F79EFBC}") = "ServerlessMicroservice.Monolith", "ServerlessMicroservice.Monolith\ServerlessMicroservice.Monolith.csproj", "{8E3E604A-84CC-4458-8C9C-194087201C83}"
EndProject
Project("{FAE04EC0-301F-11D3-BF4B-00C04F79EFBC}") = "ServerlessMicroservice.Framework", "ServerlessMicroservice.Framework\ServerlessMicroservice.Framework.csproj", "{16489176-1B3E-4D32-AEDD-CAFE9F07397A}"
EndProject
Project("{FAE04EC0-301F-11D3-BF4B-00C04F79EFBC}") = "ServerlessMicroservice.EmailSender", "ServerlessMicroservice.EmailSender\ServerlessMicroservice.EmailSender.csproj", "{E9EE1638-F753-4ADF-B024-7775410A4B0F}"
EndProject
Project("{FAE04EC0-301F-11D3-BF4B-00C04F79EFBC}") = "ServerlessMicroservice.EmailSenderMicroservice", "ServerlessMicroservice.EmailSenderMicroservice\ServerlessMicroservice.EmailSenderMicroservice.csproj", "{6C719990-2EC9-45C0-8FE6-ED83ADA77601}"
EndProject
Project("{FAE04EC0-301F-11D3-BF4B-00C04F79EFBC}") = "ServerlessMicroservice.EmailSenderMicroservice.SDK", "ServerlessMicroservice.EmailSenderMicroservice.SDK\ServerlessMicroservice.EmailSenderMicroservice.SDK.csproj", "{97EE2A6A-CF48-4819-B4C9-20B6CF0139C3}"
EndProject
Global
	GlobalSection(SolutionConfigurationPlatforms) = preSolution
		Debug|Any CPU = Debug|Any CPU
		Release|Any CPU = Release|Any CPU
	EndGlobalSection
	GlobalSection(ProjectConfigurationPlatforms) = postSolution
		{8E3E604A-84CC-4458-8C9C-194087201C83}.Debug|Any CPU.ActiveCfg = Debug|Any CPU
		{8E3E604A-84CC-4458-8C9C-194087201C83}.Debug|Any CPU.Build.0 = Debug|Any CPU
		{8E3E604A-84CC-4458-8C9C-194087201C83}.Release|Any CPU.ActiveCfg = Release|Any CPU
		{8E3E604A-84CC-4458-8C9C-194087201C83}.Release|Any CPU.Build.0 = Release|Any CPU
		{16489176-1B3E-4D32-AEDD-CAFE9F07397A}.Debug|Any CPU.ActiveCfg = Debug|Any CPU
		{16489176-1B3E-4D32-AEDD-CAFE9F07397A}.Debug|Any CPU.Build.0 = Debug|Any CPU
		{16489176-1B3E-4D32-AEDD-CAFE9F07397A}.Release|Any CPU.ActiveCfg = Release|Any CPU
		{16489176-1B3E-4D32-AEDD-CAFE9F07397A}.Release|Any CPU.Build.0 = Release|Any CPU
		{E9EE1638-F753-4ADF-B024-7775410A4B0F}.Debug|Any CPU.ActiveCfg = Debug|Any CPU
		{E9EE1638-F753-4ADF-B024-7775410A4B0F}.Debug|Any CPU.Build.0 = Debug|Any CPU
		{E9EE1638-F753-4ADF-B024-7775410A4B0F}.Release|Any CPU.ActiveCfg = Release|Any CPU
		{E9EE1638-F753-4ADF-B024-7775410A4B0F}.Release|Any CPU.Build.0 = Release|Any CPU
		{6C719990-2EC9-45C0-8FE6-ED83ADA77601}.Debug|Any CPU.ActiveCfg = Debug|Any CPU
		{6C719990-2EC9-45C0-8FE6-ED83ADA77601}.Debug|Any CPU.Build.0 = Debug|Any CPU
		{6C719990-2EC9-45C0-8FE6-ED83ADA77601}.Release|Any CPU.ActiveCfg = Release|Any CPU
		{6C719990-2EC9-45C0-8FE6-ED83ADA77601}.Release|Any CPU.Build.0 = Release|Any CPU
		{97EE2A6A-CF48-4819-B4C9-20B6CF0139C3}.Debug|Any CPU.ActiveCfg = Debug|Any CPU
		{97EE2A6A-CF48-4819-B4C9-20B6CF0139C3}.Debug|Any CPU.Build.0 = Debug|Any CPU
		{97EE2A6A-CF48-4819-B4C9-20B6CF0139C3}.Release|Any CPU.ActiveCfg = Release|Any CPU
		{97EE2A6A-CF48-4819-B4C9-20B6CF0139C3}.Release|Any CPU.Build.0 = Release|Any CPU
	EndGlobalSection
EndGlobal
