
Microsoft Visual Studio Solution File, Format Version 12.00
Project("{FAE04EC0-301F-11D3-BF4B-00C04F79EFBC}") = "ServerlessMicroservice.Monolith", "ServerlessMicroservice.Monolith\ServerlessMicroservice.Monolith.csproj", "{8E3E604A-84CC-4458-8C9C-194087201C83}"
EndProject
Project("{FAE04EC0-301F-11D3-BF4B-00C04F79EFBC}") = "ServerlessMicroservice.Framework", "ServerlessMicroservice.Framework\ServerlessMicroservice.Framework.csproj", "{16489176-1B3E-4D32-AEDD-CAFE9F07397A}"
EndProject
Project("{FAE04EC0-301F-11D3-BF4B-00C04F79EFBC}") = "ServerlessMicroservice.EmailSender", "ServerlessMicroservice.EmailSender\ServerlessMicroservice.EmailSender.csproj", "{E9EE1638-F753-4ADF-B024-7775410A4B0F}"
EndProject
Project("{2150E333-8FDC-42A3-9474-1A3956D46DE8}") = "Microservice", "Microservice", "{74CACA81-A37F-4A2E-AA2C-F65DB92D6FAE}"
EndProject
Project("{FAE04EC0-301F-11D3-BF4B-00C04F79EFBC}") = "ServerlessMicroservice.EmailSenderMicroservice", "Microservice\ServerlessMicroservice.EmailSenderMicroservice\ServerlessMicroservice.EmailSenderMicroservice.csproj", "{2E10D9A7-8770-4EDB-B493-1F7A6D6F97F2}"
EndProject
Project("{FAE04EC0-301F-11D3-BF4B-00C04F79EFBC}") = "ServerlessMicroservice.EmailSenderMicroservice.SDK", "Microservice\ServerlessMicroservice.EmailSenderMicroservice.SDK\ServerlessMicroservice.EmailSenderMicroservice.SDK.csproj", "{7D1C67A5-F627-4533-8F5C-7CEE53C47C5C}"
EndProject
Project("{F2A71F9B-5D33-465A-A702-920D77279786}") = "ServerlessMicroservice.EmailSenderMicroservice.Tests", "Microservice\ServerlessMicroservice.EmailSenderMicroservice.Tests\ServerlessMicroservice.EmailSenderMicroservice.Tests.fsproj", "{04574A86-FC6A-4627-896A-EBB50810353B}"
EndProject
Global
	GlobalSection(SolutionConfigurationPlatforms) = preSolution
		Debug|Any CPU = Debug|Any CPU
		Release|Any CPU = Release|Any CPU
	EndGlobalSection
	GlobalSection(ProjectConfigurationPlatforms) = postSolution
		{8E3E604A-84CC-4458-8C9C-194087201C83}.Debug|Any CPU.ActiveCfg = Debug|Any CPU
		{8E3E604A-84CC-4458-8C9C-194087201C83}.Debug|Any CPU.Build.0 = Debug|Any CPU
		{8E3E604A-84CC-4458-8C9C-194087201C83}.Release|Any CPU.ActiveCfg = Release|Any CPU
		{8E3E604A-84CC-4458-8C9C-194087201C83}.Release|Any CPU.Build.0 = Release|Any CPU
		{16489176-1B3E-4D32-AEDD-CAFE9F07397A}.Debug|Any CPU.ActiveCfg = Debug|Any CPU
		{16489176-1B3E-4D32-AEDD-CAFE9F07397A}.Debug|Any CPU.Build.0 = Debug|Any CPU
		{16489176-1B3E-4D32-AEDD-CAFE9F07397A}.Release|Any CPU.ActiveCfg = Release|Any CPU
		{16489176-1B3E-4D32-AEDD-CAFE9F07397A}.Release|Any CPU.Build.0 = Release|Any CPU
		{E9EE1638-F753-4ADF-B024-7775410A4B0F}.Debug|Any CPU.ActiveCfg = Debug|Any CPU
		{E9EE1638-F753-4ADF-B024-7775410A4B0F}.Debug|Any CPU.Build.0 = Debug|Any CPU
		{E9EE1638-F753-4ADF-B024-7775410A4B0F}.Release|Any CPU.ActiveCfg = Release|Any CPU
		{E9EE1638-F753-4ADF-B024-7775410A4B0F}.Release|Any CPU.Build.0 = Release|Any CPU
		{2E10D9A7-8770-4EDB-B493-1F7A6D6F97F2}.Debug|Any CPU.ActiveCfg = Debug|Any CPU
		{2E10D9A7-8770-4EDB-B493-1F7A6D6F97F2}.Debug|Any CPU.Build.0 = Debug|Any CPU
		{2E10D9A7-8770-4EDB-B493-1F7A6D6F97F2}.Release|Any CPU.ActiveCfg = Release|Any CPU
		{2E10D9A7-8770-4EDB-B493-1F7A6D6F97F2}.Release|Any CPU.Build.0 = Release|Any CPU
		{7D1C67A5-F627-4533-8F5C-7CEE53C47C5C}.Debug|Any CPU.ActiveCfg = Debug|Any CPU
		{7D1C67A5-F627-4533-8F5C-7CEE53C47C5C}.Debug|Any CPU.Build.0 = Debug|Any CPU
		{7D1C67A5-F627-4533-8F5C-7CEE53C47C5C}.Release|Any CPU.ActiveCfg = Release|Any CPU
		{7D1C67A5-F627-4533-8F5C-7CEE53C47C5C}.Release|Any CPU.Build.0 = Release|Any CPU
		{04574A86-FC6A-4627-896A-EBB50810353B}.Debug|Any CPU.ActiveCfg = Debug|Any CPU
		{04574A86-FC6A-4627-896A-EBB50810353B}.Debug|Any CPU.Build.0 = Debug|Any CPU
		{04574A86-FC6A-4627-896A-EBB50810353B}.Release|Any CPU.ActiveCfg = Release|Any CPU
		{04574A86-FC6A-4627-896A-EBB50810353B}.Release|Any CPU.Build.0 = Release|Any CPU
	EndGlobalSection
	GlobalSection(NestedProjects) = preSolution
		{2E10D9A7-8770-4EDB-B493-1F7A6D6F97F2} = {74CACA81-A37F-4A2E-AA2C-F65DB92D6FAE}
		{7D1C67A5-F627-4533-8F5C-7CEE53C47C5C} = {74CACA81-A37F-4A2E-AA2C-F65DB92D6FAE}
		{04574A86-FC6A-4627-896A-EBB50810353B} = {74CACA81-A37F-4A2E-AA2C-F65DB92D6FAE}
	EndGlobalSection
EndGlobal
